
Microsoft Visual Studio Solution File, Format Version 12.00
# Visual Studio Version 16
VisualStudioVersion = 16.0.31112.23
MinimumVisualStudioVersion = 10.0.40219.1
Project("{FAE04EC0-301F-11D3-BF4B-00C04F79EFBC}") = "Entities", "Entities\Entities.csproj", "{93F4D4AE-D9D7-4B78-B71A-C2E7AF3EDB8C}"
EndProject
Project("{FAE04EC0-301F-11D3-BF4B-00C04F79EFBC}") = "DataAccess", "DataAccess\DataAccess.csproj", "{375B9C3D-6A41-45E8-908A-8CDC3B84E6FE}"
EndProject
Project("{FAE04EC0-301F-11D3-BF4B-00C04F79EFBC}") = "Business", "Business\Business.csproj", "{28BFE25D-E199-4355-A529-88861DDB8BC8}"
EndProject
Project("{FAE04EC0-301F-11D3-BF4B-00C04F79EFBC}") = "Core", "Core\Core.csproj", "{56D36144-9C34-45E5-949C-3680E751A72A}"
EndProject
Project("{FAE04EC0-301F-11D3-BF4B-00C04F79EFBC}") = "WebAPI", "WebAPI\WebAPI.csproj", "{5A62780E-86A2-4DE9-9C55-3D55251F8A76}"
EndProject
Global
	GlobalSection(SolutionConfigurationPlatforms) = preSolution
		Debug|Any CPU = Debug|Any CPU
		Release|Any CPU = Release|Any CPU
	EndGlobalSection
	GlobalSection(ProjectConfigurationPlatforms) = postSolution
		{93F4D4AE-D9D7-4B78-B71A-C2E7AF3EDB8C}.Debug|Any CPU.ActiveCfg = Debug|Any CPU
		{93F4D4AE-D9D7-4B78-B71A-C2E7AF3EDB8C}.Debug|Any CPU.Build.0 = Debug|Any CPU
		{93F4D4AE-D9D7-4B78-B71A-C2E7AF3EDB8C}.Release|Any CPU.ActiveCfg = Release|Any CPU
		{93F4D4AE-D9D7-4B78-B71A-C2E7AF3EDB8C}.Release|Any CPU.Build.0 = Release|Any CPU
		{375B9C3D-6A41-45E8-908A-8CDC3B84E6FE}.Debug|Any CPU.ActiveCfg = Debug|Any CPU
		{375B9C3D-6A41-45E8-908A-8CDC3B84E6FE}.Debug|Any CPU.Build.0 = Debug|Any CPU
		{375B9C3D-6A41-45E8-908A-8CDC3B84E6FE}.Release|Any CPU.ActiveCfg = Release|Any CPU
		{375B9C3D-6A41-45E8-908A-8CDC3B84E6FE}.Release|Any CPU.Build.0 = Release|Any CPU
		{28BFE25D-E199-4355-A529-88861DDB8BC8}.Debug|Any CPU.ActiveCfg = Debug|Any CPU
		{28BFE25D-E199-4355-A529-88861DDB8BC8}.Debug|Any CPU.Build.0 = Debug|Any CPU
		{28BFE25D-E199-4355-A529-88861DDB8BC8}.Release|Any CPU.ActiveCfg = Release|Any CPU
		{28BFE25D-E199-4355-A529-88861DDB8BC8}.Release|Any CPU.Build.0 = Release|Any CPU
		{56D36144-9C34-45E5-949C-3680E751A72A}.Debug|Any CPU.ActiveCfg = Debug|Any CPU
		{56D36144-9C34-45E5-949C-3680E751A72A}.Debug|Any CPU.Build.0 = Debug|Any CPU
		{56D36144-9C34-45E5-949C-3680E751A72A}.Release|Any CPU.ActiveCfg = Release|Any CPU
		{56D36144-9C34-45E5-949C-3680E751A72A}.Release|Any CPU.Build.0 = Release|Any CPU
		{5A62780E-86A2-4DE9-9C55-3D55251F8A76}.Debug|Any CPU.ActiveCfg = Debug|Any CPU
		{5A62780E-86A2-4DE9-9C55-3D55251F8A76}.Debug|Any CPU.Build.0 = Debug|Any CPU
		{5A62780E-86A2-4DE9-9C55-3D55251F8A76}.Release|Any CPU.ActiveCfg = Release|Any CPU
		{5A62780E-86A2-4DE9-9C55-3D55251F8A76}.Release|Any CPU.Build.0 = Release|Any CPU
	EndGlobalSection
	GlobalSection(SolutionProperties) = preSolution
		HideSolutionNode = FALSE
	EndGlobalSection
	GlobalSection(ExtensibilityGlobals) = postSolution
		SolutionGuid = {19A1E13B-7940-4ED8-85DB-703F03421F66}
	EndGlobalSection
EndGlobal
